
Microsoft Visual Studio Solution File, Format Version 12.00
# Visual Studio 14
VisualStudioVersion = 14.0.25420.1
MinimumVisualStudioVersion = 10.0.40219.1
Project("{FAE04EC0-301F-11D3-BF4B-00C04F79EFBC}") = "CSharp_Practice_Console", "CSharp_Practice_Console\CSharp_Practice_Console.csproj", "{C7C7ED99-35E0-40D3-93A0-1557F4396A41}"
EndProject
Project("{FAE04EC0-301F-11D3-BF4B-00C04F79EFBC}") = "Find_Pi_To_The_Power_Of_N", "Find_Pi_To_The_Power_Of_N\Find_Pi_To_The_Power_Of_N.csproj", "{53ACE847-DE31-4F44-9BCC-C4E4CDCB8663}"
EndProject
Project("{FAE04EC0-301F-11D3-BF4B-00C04F79EFBC}") = "FibbonachiSeq", "FibbonachiSeq\FibbonachiSeq.csproj", "{E0030BA7-EDA7-48D6-B51F-D26A75F77AE2}"
EndProject
Project("{FAE04EC0-301F-11D3-BF4B-00C04F79EFBC}") = "Prime_Factorization", "Prime_Factorization\Prime_Factorization.csproj", "{C5BBAD9D-B888-48FE-ABBE-0C99950205A1}"
EndProject
Project("{FAE04EC0-301F-11D3-BF4B-00C04F79EFBC}") = "Cost_Of_Tiles", "Cost_Of_Tiles\Cost_Of_Tiles.csproj", "{ECE3AA1B-C59C-4993-B365-78088A8B93A9}"
EndProject
Global
	GlobalSection(SolutionConfigurationPlatforms) = preSolution
		Debug|Any CPU = Debug|Any CPU
		Release|Any CPU = Release|Any CPU
	EndGlobalSection
	GlobalSection(ProjectConfigurationPlatforms) = postSolution
		{C7C7ED99-35E0-40D3-93A0-1557F4396A41}.Debug|Any CPU.ActiveCfg = Debug|Any CPU
		{C7C7ED99-35E0-40D3-93A0-1557F4396A41}.Debug|Any CPU.Build.0 = Debug|Any CPU
		{C7C7ED99-35E0-40D3-93A0-1557F4396A41}.Release|Any CPU.ActiveCfg = Release|Any CPU
		{C7C7ED99-35E0-40D3-93A0-1557F4396A41}.Release|Any CPU.Build.0 = Release|Any CPU
		{53ACE847-DE31-4F44-9BCC-C4E4CDCB8663}.Debug|Any CPU.ActiveCfg = Debug|Any CPU
		{53ACE847-DE31-4F44-9BCC-C4E4CDCB8663}.Debug|Any CPU.Build.0 = Debug|Any CPU
		{53ACE847-DE31-4F44-9BCC-C4E4CDCB8663}.Release|Any CPU.ActiveCfg = Release|Any CPU
		{53ACE847-DE31-4F44-9BCC-C4E4CDCB8663}.Release|Any CPU.Build.0 = Release|Any CPU
		{E0030BA7-EDA7-48D6-B51F-D26A75F77AE2}.Debug|Any CPU.ActiveCfg = Debug|Any CPU
		{E0030BA7-EDA7-48D6-B51F-D26A75F77AE2}.Debug|Any CPU.Build.0 = Debug|Any CPU
		{E0030BA7-EDA7-48D6-B51F-D26A75F77AE2}.Release|Any CPU.ActiveCfg = Release|Any CPU
		{E0030BA7-EDA7-48D6-B51F-D26A75F77AE2}.Release|Any CPU.Build.0 = Release|Any CPU
		{C5BBAD9D-B888-48FE-ABBE-0C99950205A1}.Debug|Any CPU.ActiveCfg = Debug|Any CPU
		{C5BBAD9D-B888-48FE-ABBE-0C99950205A1}.Debug|Any CPU.Build.0 = Debug|Any CPU
		{C5BBAD9D-B888-48FE-ABBE-0C99950205A1}.Release|Any CPU.ActiveCfg = Release|Any CPU
		{C5BBAD9D-B888-48FE-ABBE-0C99950205A1}.Release|Any CPU.Build.0 = Release|Any CPU
		{ECE3AA1B-C59C-4993-B365-78088A8B93A9}.Debug|Any CPU.ActiveCfg = Debug|Any CPU
		{ECE3AA1B-C59C-4993-B365-78088A8B93A9}.Debug|Any CPU.Build.0 = Debug|Any CPU
		{ECE3AA1B-C59C-4993-B365-78088A8B93A9}.Release|Any CPU.ActiveCfg = Release|Any CPU
		{ECE3AA1B-C59C-4993-B365-78088A8B93A9}.Release|Any CPU.Build.0 = Release|Any CPU
	EndGlobalSection
	GlobalSection(SolutionProperties) = preSolution
		HideSolutionNode = FALSE
	EndGlobalSection
EndGlobal
