
Microsoft Visual Studio Solution File, Format Version 12.00
# Visual Studio 14
VisualStudioVersion = 14.0.25420.1
MinimumVisualStudioVersion = 10.0.40219.1
Project("{FAE04EC0-301F-11D3-BF4B-00C04F79EFBC}") = "CSharp_Practice_Console", "CSharp_Practice_Console\CSharp_Practice_Console.csproj", "{C7C7ED99-35E0-40D3-93A0-1557F4396A41}"
EndProject
Project("{FAE04EC0-301F-11D3-BF4B-00C04F79EFBC}") = "Find_Pi_To_The_Power_Of_N", "Find_Pi_To_The_Power_Of_N\Find_Pi_To_The_Power_Of_N.csproj", "{53ACE847-DE31-4F44-9BCC-C4E4CDCB8663}"
EndProject
Project("{FAE04EC0-301F-11D3-BF4B-00C04F79EFBC}") = "FibbonachiSeq", "FibbonachiSeq\FibbonachiSeq.csproj", "{E0030BA7-EDA7-48D6-B51F-D26A75F77AE2}"
EndProject
Project("{FAE04EC0-301F-11D3-BF4B-00C04F79EFBC}") = "Prime_Factorization", "Prime_Factorization\Prime_Factorization.csproj", "{C5BBAD9D-B888-48FE-ABBE-0C99950205A1}"
EndProject
Project("{FAE04EC0-301F-11D3-BF4B-00C04F79EFBC}") = "Cost_Of_Tiles", "Cost_Of_Tiles\Cost_Of_Tiles.csproj", "{ECE3AA1B-C59C-4993-B365-78088A8B93A9}"
EndProject
Project("{FAE04EC0-301F-11D3-BF4B-00C04F79EFBC}") = "Mortage_Calculator", "Mortage_Calculator\Mortage_Calculator.csproj", "{6881B0FD-7469-4414-BDBB-D2F2266B5C6A}"
EndProject
Project("{FAE04EC0-301F-11D3-BF4B-00C04F79EFBC}") = "Change_Return_Program", "Change_Return_Program\Change_Return_Program.csproj", "{241F8CBF-0A7E-45E9-81BB-2735DFBC4570}"
EndProject
Project("{FAE04EC0-301F-11D3-BF4B-00C04F79EFBC}") = "Binary_to_Decimal_Converter", "Binary_to_Decimal_Converter\Binary_to_Decimal_Converter.csproj", "{B5372DE5-38A0-4A3B-82C0-1EFD1D144DE7}"
EndProject
Project("{FAE04EC0-301F-11D3-BF4B-00C04F79EFBC}") = "Unit_Converter", "Unit_Converter\Unit_Converter.csproj", "{0CE08478-E795-49E5-BAFC-71B6373124B8}"
EndProject
Project("{FAE04EC0-301F-11D3-BF4B-00C04F79EFBC}") = "Distance_Between_Two_Cities", "Distance_Between_Two_Cities\Distance_Between_Two_Cities.csproj", "{97E75E7B-3806-4BC6-A79D-DC94F478A35C}"
EndProject
Project("{FAE04EC0-301F-11D3-BF4B-00C04F79EFBC}") = "Reverse a string", "Reverse a string\Reverse a string.csproj", "{0147FA4C-2066-44DD-B08C-E3B5A28F36CF}"
EndProject
Project("{FAE04EC0-301F-11D3-BF4B-00C04F79EFBC}") = "Fizz_Buzz", "Fizz_Buzz\Fizz_Buzz.csproj", "{7A1CBE2D-442A-4359-9DB2-4C0835B231B0}"
EndProject
Project("{FAE04EC0-301F-11D3-BF4B-00C04F79EFBC}") = "Coin_Flip_Simulation", "Coin_Flip_Simulation\Coin_Flip_Simulation.csproj", "{98C9115B-1655-43DE-BF6E-7CFC52774DEC}"
EndProject
Project("{FAE04EC0-301F-11D3-BF4B-00C04F79EFBC}") = "Sorting", "Sorting\Sorting.csproj", "{D0CE8B83-1A32-4577-9D71-14DBCAB30980}"
EndProject
Project("{FAE04EC0-301F-11D3-BF4B-00C04F79EFBC}") = "Count_Vowels", "Count_Vowels\Count_Vowels.csproj", "{F801E56D-72C9-4277-8F84-23AFA32549F5}"
EndProject
Project("{FAE04EC0-301F-11D3-BF4B-00C04F79EFBC}") = "PalindromeChecker", "PalindromeChecker\PalindromeChecker.csproj", "{08B530F3-B6B9-41FE-A55C-8D4D469BC3A4}"
EndProject
Project("{FAE04EC0-301F-11D3-BF4B-00C04F79EFBC}") = "Count_Words", "Count_Words\Count_Words.csproj", "{625394C4-F50E-4E10-9403-07969B3546F0}"
EndProject
Project("{FAE04EC0-301F-11D3-BF4B-00C04F79EFBC}") = "Pig_Latin", "Pig_Latin\Pig_Latin.csproj", "{E18D3A3A-90F2-4B0F-8C88-37CB02911058}"
EndProject
Project("{FAE04EC0-301F-11D3-BF4B-00C04F79EFBC}") = "Collatz_Conjecture", "Collatz_Conjecture\Collatz_Conjecture.csproj", "{29BB1327-0824-4822-BED4-7B725AC9C8AA}"
EndProject
Project("{FAE04EC0-301F-11D3-BF4B-00C04F79EFBC}") = "Sieve_of_Eratosthenes", "Sieve_of_Eratosthenes\Sieve_of_Eratosthenes.csproj", "{300C9F0C-7495-410A-A065-9ACAB5986E52}"
EndProject
Project("{FAE04EC0-301F-11D3-BF4B-00C04F79EFBC}") = "Flower_Shop_Ordering_To_Go", "Flower_Shop_Ordering_To_Go\Flower_Shop_Ordering_To_Go.csproj", "{B8BB8845-F27E-4C1B-8E89-CAB316826D96}"
EndProject
Project("{FAE04EC0-301F-11D3-BF4B-00C04F79EFBC}") = "Get_IP_Adress", "Get_IP_Adress\Get_IP_Adress.csproj", "{111DA917-D760-417E-90DF-273BE49622A5}"
EndProject
Global
	GlobalSection(SolutionConfigurationPlatforms) = preSolution
		Debug|Any CPU = Debug|Any CPU
		Release|Any CPU = Release|Any CPU
	EndGlobalSection
	GlobalSection(ProjectConfigurationPlatforms) = postSolution
		{C7C7ED99-35E0-40D3-93A0-1557F4396A41}.Debug|Any CPU.ActiveCfg = Debug|Any CPU
		{C7C7ED99-35E0-40D3-93A0-1557F4396A41}.Debug|Any CPU.Build.0 = Debug|Any CPU
		{C7C7ED99-35E0-40D3-93A0-1557F4396A41}.Release|Any CPU.ActiveCfg = Release|Any CPU
		{C7C7ED99-35E0-40D3-93A0-1557F4396A41}.Release|Any CPU.Build.0 = Release|Any CPU
		{53ACE847-DE31-4F44-9BCC-C4E4CDCB8663}.Debug|Any CPU.ActiveCfg = Debug|Any CPU
		{53ACE847-DE31-4F44-9BCC-C4E4CDCB8663}.Debug|Any CPU.Build.0 = Debug|Any CPU
		{53ACE847-DE31-4F44-9BCC-C4E4CDCB8663}.Release|Any CPU.ActiveCfg = Release|Any CPU
		{53ACE847-DE31-4F44-9BCC-C4E4CDCB8663}.Release|Any CPU.Build.0 = Release|Any CPU
		{E0030BA7-EDA7-48D6-B51F-D26A75F77AE2}.Debug|Any CPU.ActiveCfg = Debug|Any CPU
		{E0030BA7-EDA7-48D6-B51F-D26A75F77AE2}.Debug|Any CPU.Build.0 = Debug|Any CPU
		{E0030BA7-EDA7-48D6-B51F-D26A75F77AE2}.Release|Any CPU.ActiveCfg = Release|Any CPU
		{E0030BA7-EDA7-48D6-B51F-D26A75F77AE2}.Release|Any CPU.Build.0 = Release|Any CPU
		{C5BBAD9D-B888-48FE-ABBE-0C99950205A1}.Debug|Any CPU.ActiveCfg = Debug|Any CPU
		{C5BBAD9D-B888-48FE-ABBE-0C99950205A1}.Debug|Any CPU.Build.0 = Debug|Any CPU
		{C5BBAD9D-B888-48FE-ABBE-0C99950205A1}.Release|Any CPU.ActiveCfg = Release|Any CPU
		{C5BBAD9D-B888-48FE-ABBE-0C99950205A1}.Release|Any CPU.Build.0 = Release|Any CPU
		{ECE3AA1B-C59C-4993-B365-78088A8B93A9}.Debug|Any CPU.ActiveCfg = Debug|Any CPU
		{ECE3AA1B-C59C-4993-B365-78088A8B93A9}.Debug|Any CPU.Build.0 = Debug|Any CPU
		{ECE3AA1B-C59C-4993-B365-78088A8B93A9}.Release|Any CPU.ActiveCfg = Release|Any CPU
		{ECE3AA1B-C59C-4993-B365-78088A8B93A9}.Release|Any CPU.Build.0 = Release|Any CPU
		{6881B0FD-7469-4414-BDBB-D2F2266B5C6A}.Debug|Any CPU.ActiveCfg = Debug|Any CPU
		{6881B0FD-7469-4414-BDBB-D2F2266B5C6A}.Debug|Any CPU.Build.0 = Debug|Any CPU
		{6881B0FD-7469-4414-BDBB-D2F2266B5C6A}.Release|Any CPU.ActiveCfg = Release|Any CPU
		{6881B0FD-7469-4414-BDBB-D2F2266B5C6A}.Release|Any CPU.Build.0 = Release|Any CPU
		{241F8CBF-0A7E-45E9-81BB-2735DFBC4570}.Debug|Any CPU.ActiveCfg = Debug|Any CPU
		{241F8CBF-0A7E-45E9-81BB-2735DFBC4570}.Debug|Any CPU.Build.0 = Debug|Any CPU
		{241F8CBF-0A7E-45E9-81BB-2735DFBC4570}.Release|Any CPU.ActiveCfg = Release|Any CPU
		{241F8CBF-0A7E-45E9-81BB-2735DFBC4570}.Release|Any CPU.Build.0 = Release|Any CPU
		{B5372DE5-38A0-4A3B-82C0-1EFD1D144DE7}.Debug|Any CPU.ActiveCfg = Debug|Any CPU
		{B5372DE5-38A0-4A3B-82C0-1EFD1D144DE7}.Debug|Any CPU.Build.0 = Debug|Any CPU
		{B5372DE5-38A0-4A3B-82C0-1EFD1D144DE7}.Release|Any CPU.ActiveCfg = Release|Any CPU
		{B5372DE5-38A0-4A3B-82C0-1EFD1D144DE7}.Release|Any CPU.Build.0 = Release|Any CPU
		{0CE08478-E795-49E5-BAFC-71B6373124B8}.Debug|Any CPU.ActiveCfg = Debug|Any CPU
		{0CE08478-E795-49E5-BAFC-71B6373124B8}.Debug|Any CPU.Build.0 = Debug|Any CPU
		{0CE08478-E795-49E5-BAFC-71B6373124B8}.Release|Any CPU.ActiveCfg = Release|Any CPU
		{0CE08478-E795-49E5-BAFC-71B6373124B8}.Release|Any CPU.Build.0 = Release|Any CPU
		{97E75E7B-3806-4BC6-A79D-DC94F478A35C}.Debug|Any CPU.ActiveCfg = Debug|Any CPU
		{97E75E7B-3806-4BC6-A79D-DC94F478A35C}.Debug|Any CPU.Build.0 = Debug|Any CPU
		{97E75E7B-3806-4BC6-A79D-DC94F478A35C}.Release|Any CPU.ActiveCfg = Release|Any CPU
		{97E75E7B-3806-4BC6-A79D-DC94F478A35C}.Release|Any CPU.Build.0 = Release|Any CPU
		{0147FA4C-2066-44DD-B08C-E3B5A28F36CF}.Debug|Any CPU.ActiveCfg = Debug|Any CPU
		{0147FA4C-2066-44DD-B08C-E3B5A28F36CF}.Debug|Any CPU.Build.0 = Debug|Any CPU
		{0147FA4C-2066-44DD-B08C-E3B5A28F36CF}.Release|Any CPU.ActiveCfg = Release|Any CPU
		{0147FA4C-2066-44DD-B08C-E3B5A28F36CF}.Release|Any CPU.Build.0 = Release|Any CPU
		{7A1CBE2D-442A-4359-9DB2-4C0835B231B0}.Debug|Any CPU.ActiveCfg = Debug|Any CPU
		{7A1CBE2D-442A-4359-9DB2-4C0835B231B0}.Debug|Any CPU.Build.0 = Debug|Any CPU
		{7A1CBE2D-442A-4359-9DB2-4C0835B231B0}.Release|Any CPU.ActiveCfg = Release|Any CPU
		{7A1CBE2D-442A-4359-9DB2-4C0835B231B0}.Release|Any CPU.Build.0 = Release|Any CPU
		{98C9115B-1655-43DE-BF6E-7CFC52774DEC}.Debug|Any CPU.ActiveCfg = Debug|Any CPU
		{98C9115B-1655-43DE-BF6E-7CFC52774DEC}.Debug|Any CPU.Build.0 = Debug|Any CPU
		{98C9115B-1655-43DE-BF6E-7CFC52774DEC}.Release|Any CPU.ActiveCfg = Release|Any CPU
		{98C9115B-1655-43DE-BF6E-7CFC52774DEC}.Release|Any CPU.Build.0 = Release|Any CPU
		{D0CE8B83-1A32-4577-9D71-14DBCAB30980}.Debug|Any CPU.ActiveCfg = Debug|Any CPU
		{D0CE8B83-1A32-4577-9D71-14DBCAB30980}.Debug|Any CPU.Build.0 = Debug|Any CPU
		{D0CE8B83-1A32-4577-9D71-14DBCAB30980}.Release|Any CPU.ActiveCfg = Release|Any CPU
		{D0CE8B83-1A32-4577-9D71-14DBCAB30980}.Release|Any CPU.Build.0 = Release|Any CPU
		{F801E56D-72C9-4277-8F84-23AFA32549F5}.Debug|Any CPU.ActiveCfg = Debug|Any CPU
		{F801E56D-72C9-4277-8F84-23AFA32549F5}.Debug|Any CPU.Build.0 = Debug|Any CPU
		{F801E56D-72C9-4277-8F84-23AFA32549F5}.Release|Any CPU.ActiveCfg = Release|Any CPU
		{F801E56D-72C9-4277-8F84-23AFA32549F5}.Release|Any CPU.Build.0 = Release|Any CPU
		{08B530F3-B6B9-41FE-A55C-8D4D469BC3A4}.Debug|Any CPU.ActiveCfg = Debug|Any CPU
		{08B530F3-B6B9-41FE-A55C-8D4D469BC3A4}.Debug|Any CPU.Build.0 = Debug|Any CPU
		{08B530F3-B6B9-41FE-A55C-8D4D469BC3A4}.Release|Any CPU.ActiveCfg = Release|Any CPU
		{08B530F3-B6B9-41FE-A55C-8D4D469BC3A4}.Release|Any CPU.Build.0 = Release|Any CPU
		{625394C4-F50E-4E10-9403-07969B3546F0}.Debug|Any CPU.ActiveCfg = Debug|Any CPU
		{625394C4-F50E-4E10-9403-07969B3546F0}.Debug|Any CPU.Build.0 = Debug|Any CPU
		{625394C4-F50E-4E10-9403-07969B3546F0}.Release|Any CPU.ActiveCfg = Release|Any CPU
		{625394C4-F50E-4E10-9403-07969B3546F0}.Release|Any CPU.Build.0 = Release|Any CPU
		{E18D3A3A-90F2-4B0F-8C88-37CB02911058}.Debug|Any CPU.ActiveCfg = Debug|Any CPU
		{E18D3A3A-90F2-4B0F-8C88-37CB02911058}.Debug|Any CPU.Build.0 = Debug|Any CPU
		{E18D3A3A-90F2-4B0F-8C88-37CB02911058}.Release|Any CPU.ActiveCfg = Release|Any CPU
		{E18D3A3A-90F2-4B0F-8C88-37CB02911058}.Release|Any CPU.Build.0 = Release|Any CPU
		{29BB1327-0824-4822-BED4-7B725AC9C8AA}.Debug|Any CPU.ActiveCfg = Debug|Any CPU
		{29BB1327-0824-4822-BED4-7B725AC9C8AA}.Debug|Any CPU.Build.0 = Debug|Any CPU
		{29BB1327-0824-4822-BED4-7B725AC9C8AA}.Release|Any CPU.ActiveCfg = Release|Any CPU
		{29BB1327-0824-4822-BED4-7B725AC9C8AA}.Release|Any CPU.Build.0 = Release|Any CPU
		{300C9F0C-7495-410A-A065-9ACAB5986E52}.Debug|Any CPU.ActiveCfg = Debug|Any CPU
		{300C9F0C-7495-410A-A065-9ACAB5986E52}.Debug|Any CPU.Build.0 = Debug|Any CPU
		{300C9F0C-7495-410A-A065-9ACAB5986E52}.Release|Any CPU.ActiveCfg = Release|Any CPU
		{300C9F0C-7495-410A-A065-9ACAB5986E52}.Release|Any CPU.Build.0 = Release|Any CPU
		{B8BB8845-F27E-4C1B-8E89-CAB316826D96}.Debug|Any CPU.ActiveCfg = Debug|Any CPU
		{B8BB8845-F27E-4C1B-8E89-CAB316826D96}.Debug|Any CPU.Build.0 = Debug|Any CPU
		{B8BB8845-F27E-4C1B-8E89-CAB316826D96}.Release|Any CPU.ActiveCfg = Release|Any CPU
		{B8BB8845-F27E-4C1B-8E89-CAB316826D96}.Release|Any CPU.Build.0 = Release|Any CPU
		{111DA917-D760-417E-90DF-273BE49622A5}.Debug|Any CPU.ActiveCfg = Debug|Any CPU
		{111DA917-D760-417E-90DF-273BE49622A5}.Debug|Any CPU.Build.0 = Debug|Any CPU
		{111DA917-D760-417E-90DF-273BE49622A5}.Release|Any CPU.ActiveCfg = Release|Any CPU
		{111DA917-D760-417E-90DF-273BE49622A5}.Release|Any CPU.Build.0 = Release|Any CPU
	EndGlobalSection
	GlobalSection(SolutionProperties) = preSolution
		HideSolutionNode = FALSE
	EndGlobalSection
EndGlobal
